
Microsoft Visual Studio Solution File, Format Version 12.00
# Visual Studio Version 17
VisualStudioVersion = 17.12.35527.113
MinimumVisualStudioVersion = 10.0.40219.1
Project("{FAE04EC0-301F-11D3-BF4B-00C04F79EFBC}") = "BlazorLocalizationTest", "BlazorLocalizationTest\BlazorLocalizationTest.csproj", "{A695A987-61B1-4193-84F3-8DF4B3DEE276}"
EndProject
Global
	GlobalSection(SolutionConfigurationPlatforms) = preSolution
		Debug|Any CPU = Debug|Any CPU
		Release|Any CPU = Release|Any CPU
	EndGlobalSection
	GlobalSection(ProjectConfigurationPlatforms) = postSolution
		{A695A987-61B1-4193-84F3-8DF4B3DEE276}.Debug|Any CPU.ActiveCfg = Debug|Any CPU
		{A695A987-61B1-4193-84F3-8DF4B3DEE276}.Debug|Any CPU.Build.0 = Debug|Any CPU
		{A695A987-61B1-4193-84F3-8DF4B3DEE276}.Release|Any CPU.ActiveCfg = Release|Any CPU
		{A695A987-61B1-4193-84F3-8DF4B3DEE276}.Release|Any CPU.Build.0 = Release|Any CPU
	EndGlobalSection
	GlobalSection(SolutionProperties) = preSolution
		HideSolutionNode = FALSE
	EndGlobalSection
EndGlobal
